
Microsoft Visual Studio Solution File, Format Version 12.00
# Visual Studio Version 16
VisualStudioVersion = 16.0.30225.117
MinimumVisualStudioVersion = 10.0.40219.1
Project("{FAE04EC0-301F-11D3-BF4B-00C04F79EFBC}") = "Tatneft", "Tatneft.csproj", "{12CB135B-E89C-4D6E-AD8A-267B4655970A}"
EndProject
Global
	GlobalSection(SolutionConfigurationPlatforms) = preSolution
		Debug|Any CPU = Debug|Any CPU
		Release|Any CPU = Release|Any CPU
	EndGlobalSection
	GlobalSection(ProjectConfigurationPlatforms) = postSolution
		{12CB135B-E89C-4D6E-AD8A-267B4655970A}.Debug|Any CPU.ActiveCfg = Debug|Any CPU
		{12CB135B-E89C-4D6E-AD8A-267B4655970A}.Debug|Any CPU.Build.0 = Debug|Any CPU
		{12CB135B-E89C-4D6E-AD8A-267B4655970A}.Release|Any CPU.ActiveCfg = Release|Any CPU
		{12CB135B-E89C-4D6E-AD8A-267B4655970A}.Release|Any CPU.Build.0 = Release|Any CPU
	EndGlobalSection
	GlobalSection(SolutionProperties) = preSolution
		HideSolutionNode = FALSE
	EndGlobalSection
	GlobalSection(ExtensibilityGlobals) = postSolution
		SolutionGuid = {9B5C9020-8FC7-494B-8123-601420D570D7}
	EndGlobalSection
EndGlobal
